// !$*UTF8*$!
{
	archiveVersion = 1;
	classes = {
	};
	objectVersion = 46;
	objects = {

/* Begin PBXBuildFile section */
		FA4B09701BD83E200014B289 /* AppDelegate.swift in Sources */ = {isa = PBXBuildFile; fileRef = FA4B096F1BD83E200014B289 /* AppDelegate.swift */; };
		FA4B09731BD83E200014B289 /* ImageMapper.xcdatamodeld in Sources */ = {isa = PBXBuildFile; fileRef = FA4B09711BD83E200014B289 /* ImageMapper.xcdatamodeld */; };
		FA4B09751BD83E200014B289 /* DocumentsListViewController.swift in Sources */ = {isa = PBXBuildFile; fileRef = FA4B09741BD83E200014B289 /* DocumentsListViewController.swift */; };
		FA4B09771BD83E200014B289 /* HyperLinkViewController.swift in Sources */ = {isa = PBXBuildFile; fileRef = FA4B09761BD83E200014B289 /* HyperLinkViewController.swift */; };
		FA4B097A1BD83E200014B289 /* Main.storyboard in Resources */ = {isa = PBXBuildFile; fileRef = FA4B09781BD83E200014B289 /* Main.storyboard */; };
		FA4B097C1BD83E200014B289 /* Assets.xcassets in Resources */ = {isa = PBXBuildFile; fileRef = FA4B097B1BD83E200014B289 /* Assets.xcassets */; };
		FA4B097F1BD83E200014B289 /* LaunchScreen.storyboard in Resources */ = {isa = PBXBuildFile; fileRef = FA4B097D1BD83E200014B289 /* LaunchScreen.storyboard */; };
		FA6E772A1BDB8268009B735A /* DocumentManager.swift in Sources */ = {isa = PBXBuildFile; fileRef = FA6E77291BDB8268009B735A /* DocumentManager.swift */; settings = {ASSET_TAGS = (); }; };
		FA6E77411BDBDA06009B735A /* Document+CoreDataProperties.swift in Sources */ = {isa = PBXBuildFile; fileRef = FA6E773D1BDBDA06009B735A /* Document+CoreDataProperties.swift */; settings = {ASSET_TAGS = (); }; };
		FA6E77421BDBDA06009B735A /* Document.swift in Sources */ = {isa = PBXBuildFile; fileRef = FA6E773E1BDBDA06009B735A /* Document.swift */; settings = {ASSET_TAGS = (); }; };
		FA6E77481BDBEADD009B735A /* Hyperlink+CoreDataProperties.swift in Sources */ = {isa = PBXBuildFile; fileRef = FA6E77461BDBEADD009B735A /* Hyperlink+CoreDataProperties.swift */; settings = {ASSET_TAGS = (); }; };
		FA6E77491BDBEADD009B735A /* Hyperlink.swift in Sources */ = {isa = PBXBuildFile; fileRef = FA6E77471BDBEADD009B735A /* Hyperlink.swift */; settings = {ASSET_TAGS = (); }; };
		FA6E774D1BDBF983009B735A /* UIViewController+ImagePicker.swift in Sources */ = {isa = PBXBuildFile; fileRef = FA6E774C1BDBF983009B735A /* UIViewController+ImagePicker.swift */; settings = {ASSET_TAGS = (); }; };
		FA6E77501BDC01CF009B735A /* HyperlinkView.swift in Sources */ = {isa = PBXBuildFile; fileRef = FA6E774F1BDC01CF009B735A /* HyperlinkView.swift */; settings = {ASSET_TAGS = (); }; };
		FA6E77521BDC140C009B735A /* HyperlinkView.xib in Resources */ = {isa = PBXBuildFile; fileRef = FA6E77511BDC140C009B735A /* HyperlinkView.xib */; settings = {ASSET_TAGS = (); }; };
/* End PBXBuildFile section */

/* Begin PBXFileReference section */
		FA4B096C1BD83E200014B289 /* ImageMapper.app */ = {isa = PBXFileReference; explicitFileType = wrapper.application; includeInIndex = 0; path = ImageMapper.app; sourceTree = BUILT_PRODUCTS_DIR; };
		FA4B096F1BD83E200014B289 /* AppDelegate.swift */ = {isa = PBXFileReference; lastKnownFileType = sourcecode.swift; path = AppDelegate.swift; sourceTree = "<group>"; };
		FA4B09721BD83E200014B289 /* ImageMapper.xcdatamodel */ = {isa = PBXFileReference; lastKnownFileType = wrapper.xcdatamodel; path = ImageMapper.xcdatamodel; sourceTree = "<group>"; };
		FA4B09741BD83E200014B289 /* DocumentsListViewController.swift */ = {isa = PBXFileReference; lastKnownFileType = sourcecode.swift; path = DocumentsListViewController.swift; sourceTree = "<group>"; };
		FA4B09761BD83E200014B289 /* HyperLinkViewController.swift */ = {isa = PBXFileReference; lastKnownFileType = sourcecode.swift; path = HyperLinkViewController.swift; sourceTree = "<group>"; };
		FA4B09791BD83E200014B289 /* Base */ = {isa = PBXFileReference; lastKnownFileType = file.storyboard; name = Base; path = Base.lproj/Main.storyboard; sourceTree = "<group>"; };
		FA4B097B1BD83E200014B289 /* Assets.xcassets */ = {isa = PBXFileReference; lastKnownFileType = folder.assetcatalog; path = Assets.xcassets; sourceTree = "<group>"; };
		FA4B097E1BD83E200014B289 /* Base */ = {isa = PBXFileReference; lastKnownFileType = file.storyboard; name = Base; path = Base.lproj/LaunchScreen.storyboard; sourceTree = "<group>"; };
		FA4B09801BD83E200014B289 /* Info.plist */ = {isa = PBXFileReference; lastKnownFileType = text.plist.xml; path = Info.plist; sourceTree = "<group>"; };
		FA4B09891BD83E200014B289 /* ImageMapperTests.swift */ = {isa = PBXFileReference; lastKnownFileType = sourcecode.swift; path = ImageMapperTests.swift; sourceTree = "<group>"; };
		FA4B098B1BD83E200014B289 /* Info.plist */ = {isa = PBXFileReference; lastKnownFileType = text.plist.xml; path = Info.plist; sourceTree = "<group>"; };
		FA4B09941BD83E200014B289 /* ImageMapperUITests.swift */ = {isa = PBXFileReference; lastKnownFileType = sourcecode.swift; path = ImageMapperUITests.swift; sourceTree = "<group>"; };
		FA4B09961BD83E200014B289 /* Info.plist */ = {isa = PBXFileReference; lastKnownFileType = text.plist.xml; path = Info.plist; sourceTree = "<group>"; };
		FA6E77291BDB8268009B735A /* DocumentManager.swift */ = {isa = PBXFileReference; fileEncoding = 4; lastKnownFileType = sourcecode.swift; path = DocumentManager.swift; sourceTree = "<group>"; };
		FA6E773D1BDBDA06009B735A /* Document+CoreDataProperties.swift */ = {isa = PBXFileReference; fileEncoding = 4; lastKnownFileType = sourcecode.swift; path = "Document+CoreDataProperties.swift"; sourceTree = "<group>"; };
		FA6E773E1BDBDA06009B735A /* Document.swift */ = {isa = PBXFileReference; fileEncoding = 4; lastKnownFileType = sourcecode.swift; path = Document.swift; sourceTree = "<group>"; };
		FA6E77461BDBEADD009B735A /* Hyperlink+CoreDataProperties.swift */ = {isa = PBXFileReference; fileEncoding = 4; lastKnownFileType = sourcecode.swift; path = "Hyperlink+CoreDataProperties.swift"; sourceTree = "<group>"; };
		FA6E77471BDBEADD009B735A /* Hyperlink.swift */ = {isa = PBXFileReference; fileEncoding = 4; lastKnownFileType = sourcecode.swift; path = Hyperlink.swift; sourceTree = "<group>"; };
		FA6E774C1BDBF983009B735A /* UIViewController+ImagePicker.swift */ = {isa = PBXFileReference; fileEncoding = 4; lastKnownFileType = sourcecode.swift; path = "UIViewController+ImagePicker.swift"; sourceTree = "<group>"; };
		FA6E774F1BDC01CF009B735A /* HyperlinkView.swift */ = {isa = PBXFileReference; fileEncoding = 4; lastKnownFileType = sourcecode.swift; path = HyperlinkView.swift; sourceTree = "<group>"; };
		FA6E77511BDC140C009B735A /* HyperlinkView.xib */ = {isa = PBXFileReference; fileEncoding = 4; lastKnownFileType = file.xib; path = HyperlinkView.xib; sourceTree = "<group>"; };
/* End PBXFileReference section */

/* Begin PBXFrameworksBuildPhase section */
		FA4B09691BD83E200014B289 /* Frameworks */ = {
			isa = PBXFrameworksBuildPhase;
			buildActionMask = 2147483647;
			files = (
			);
			runOnlyForDeploymentPostprocessing = 0;
		};
/* End PBXFrameworksBuildPhase section */

/* Begin PBXGroup section */
		FA4B09631BD83E200014B289 = {
			isa = PBXGroup;
			children = (
				FA4B096E1BD83E200014B289 /* ImageMapper */,
				FA4B09881BD83E200014B289 /* ImageMapperTests */,
				FA4B09931BD83E200014B289 /* ImageMapperUITests */,
				FA4B096D1BD83E200014B289 /* Products */,
			);
			sourceTree = "<group>";
		};
		FA4B096D1BD83E200014B289 /* Products */ = {
			isa = PBXGroup;
			children = (
				FA4B096C1BD83E200014B289 /* ImageMapper.app */,
			);
			name = Products;
			sourceTree = "<group>";
		};
		FA4B096E1BD83E200014B289 /* ImageMapper */ = {
			isa = PBXGroup;
			children = (
				FA6E774E1BDC014C009B735A /* View */,
				FA6E77281BDAC883009B735A /* Controllers */,
				FA5D719A1BD97CF00051F408 /* Models */,
				FA4B096F1BD83E200014B289 /* AppDelegate.swift */,
				FA6E77291BDB8268009B735A /* DocumentManager.swift */,
				FA4B09781BD83E200014B289 /* Main.storyboard */,
				FA4B097B1BD83E200014B289 /* Assets.xcassets */,
				FA4B097D1BD83E200014B289 /* LaunchScreen.storyboard */,
				FA4B09801BD83E200014B289 /* Info.plist */,
				FA4B09711BD83E200014B289 /* ImageMapper.xcdatamodeld */,
			);
			path = ImageMapper;
			sourceTree = "<group>";
		};
		FA4B09881BD83E200014B289 /* ImageMapperTests */ = {
			isa = PBXGroup;
			children = (
				FA4B09891BD83E200014B289 /* ImageMapperTests.swift */,
				FA4B098B1BD83E200014B289 /* Info.plist */,
			);
			path = ImageMapperTests;
			sourceTree = "<group>";
		};
		FA4B09931BD83E200014B289 /* ImageMapperUITests */ = {
			isa = PBXGroup;
			children = (
				FA4B09941BD83E200014B289 /* ImageMapperUITests.swift */,
				FA4B09961BD83E200014B289 /* Info.plist */,
			);
			path = ImageMapperUITests;
			sourceTree = "<group>";
		};
		FA5D719A1BD97CF00051F408 /* Models */ = {
			isa = PBXGroup;
			children = (
				FA6E773D1BDBDA06009B735A /* Document+CoreDataProperties.swift */,
				FA6E773E1BDBDA06009B735A /* Document.swift */,
				FA6E77461BDBEADD009B735A /* Hyperlink+CoreDataProperties.swift */,
				FA6E77471BDBEADD009B735A /* Hyperlink.swift */,
			);
			name = Models;
			sourceTree = "<group>";
		};
		FA6E77281BDAC883009B735A /* Controllers */ = {
			isa = PBXGroup;
			children = (
				FA4B09741BD83E200014B289 /* DocumentsListViewController.swift */,
				FA4B09761BD83E200014B289 /* HyperLinkViewController.swift */,
				FA6E774C1BDBF983009B735A /* UIViewController+ImagePicker.swift */,
			);
			name = Controllers;
			sourceTree = "<group>";
		};
		FA6E774E1BDC014C009B735A /* View */ = {
			isa = PBXGroup;
			children = (
				FA6E774F1BDC01CF009B735A /* HyperlinkView.swift */,
				FA6E77511BDC140C009B735A /* HyperlinkView.xib */,
			);
			name = View;
			sourceTree = "<group>";
		};
/* End PBXGroup section */

/* Begin PBXNativeTarget section */
		FA4B096B1BD83E200014B289 /* ImageMapper */ = {
			isa = PBXNativeTarget;
			buildConfigurationList = FA4B09991BD83E200014B289 /* Build configuration list for PBXNativeTarget "ImageMapper" */;
			buildPhases = (
				FA4B09681BD83E200014B289 /* Sources */,
				FA4B09691BD83E200014B289 /* Frameworks */,
				FA4B096A1BD83E200014B289 /* Resources */,
			);
			buildRules = (
			);
			dependencies = (
			);
			name = ImageMapper;
			productName = ImageMapper;
			productReference = FA4B096C1BD83E200014B289 /* ImageMapper.app */;
			productType = "com.apple.product-type.application";
		};
/* End PBXNativeTarget section */

/* Begin PBXProject section */
		FA4B09641BD83E200014B289 /* Project object */ = {
			isa = PBXProject;
			attributes = {
				LastUpgradeCheck = 0700;
				TargetAttributes = {
					FA4B096B1BD83E200014B289 = {
						CreatedOnToolsVersion = 7.0.1;
					};
				};
			};
			buildConfigurationList = FA4B09671BD83E200014B289 /* Build configuration list for PBXProject "ImageMapper" */;
			compatibilityVersion = "Xcode 3.2";
			developmentRegion = English;
			hasScannedForEncodings = 0;
			knownRegions = (
				en,
				Base,
			);
			mainGroup = FA4B09631BD83E200014B289;
			productRefGroup = FA4B096D1BD83E200014B289 /* Products */;
			projectDirPath = "";
			projectRoot = "";
			targets = (
				FA4B096B1BD83E200014B289 /* ImageMapper */,
			);
		};
/* End PBXProject section */

/* Begin PBXResourcesBuildPhase section */
		FA4B096A1BD83E200014B289 /* Resources */ = {
			isa = PBXResourcesBuildPhase;
			buildActionMask = 2147483647;
			files = (
				FA4B097F1BD83E200014B289 /* LaunchScreen.storyboard in Resources */,
				FA4B097C1BD83E200014B289 /* Assets.xcassets in Resources */,
				FA4B097A1BD83E200014B289 /* Main.storyboard in Resources */,
				FA6E77521BDC140C009B735A /* HyperlinkView.xib in Resources */,
			);
			runOnlyForDeploymentPostprocessing = 0;
		};
/* End PBXResourcesBuildPhase section */

/* Begin PBXSourcesBuildPhase section */
		FA4B09681BD83E200014B289 /* Sources */ = {
			isa = PBXSourcesBuildPhase;
			buildActionMask = 2147483647;
			files = (
				FA6E77411BDBDA06009B735A /* Document+CoreDataProperties.swift in Sources */,
				FA4B09731BD83E200014B289 /* ImageMapper.xcdatamodeld in Sources */,
				FA4B09701BD83E200014B289 /* AppDelegate.swift in Sources */,
				FA6E772A1BDB8268009B735A /* DocumentManager.swift in Sources */,
				FA4B09751BD83E200014B289 /* DocumentsListViewController.swift in Sources */,
				FA6E774D1BDBF983009B735A /* UIViewController+ImagePicker.swift in Sources */,
				FA6E77501BDC01CF009B735A /* HyperlinkView.swift in Sources */,
				FA6E77491BDBEADD009B735A /* Hyperlink.swift in Sources */,
				FA6E77421BDBDA06009B735A /* Document.swift in Sources */,
				FA6E77481BDBEADD009B735A /* Hyperlink+CoreDataProperties.swift in Sources */,
				FA4B09771BD83E200014B289 /* HyperLinkViewController.swift in Sources */,
			);
			runOnlyForDeploymentPostprocessing = 0;
		};
/* End PBXSourcesBuildPhase section */

/* Begin PBXVariantGroup section */
		FA4B09781BD83E200014B289 /* Main.storyboard */ = {
			isa = PBXVariantGroup;
			children = (
				FA4B09791BD83E200014B289 /* Base */,
			);
			name = Main.storyboard;
			sourceTree = "<group>";
		};
		FA4B097D1BD83E200014B289 /* LaunchScreen.storyboard */ = {
			isa = PBXVariantGroup;
			children = (
				FA4B097E1BD83E200014B289 /* Base */,
			);
			name = LaunchScreen.storyboard;
			sourceTree = "<group>";
		};
/* End PBXVariantGroup section */

/* Begin XCBuildConfiguration section */
		FA4B09971BD83E200014B289 /* Debug */ = {
			isa = XCBuildConfiguration;
			buildSettings = {
				ALWAYS_SEARCH_USER_PATHS = NO;
				CLANG_CXX_LANGUAGE_STANDARD = "gnu++0x";
				CLANG_CXX_LIBRARY = "libc++";
				CLANG_ENABLE_MODULES = YES;
				CLANG_ENABLE_OBJC_ARC = YES;
				CLANG_WARN_BOOL_CONVERSION = YES;
				CLANG_WARN_CONSTANT_CONVERSION = YES;
				CLANG_WARN_DIRECT_OBJC_ISA_USAGE = YES_ERROR;
				CLANG_WARN_EMPTY_BODY = YES;
				CLANG_WARN_ENUM_CONVERSION = YES;
				CLANG_WARN_INT_CONVERSION = YES;
				CLANG_WARN_OBJC_ROOT_CLASS = YES_ERROR;
				CLANG_WARN_UNREACHABLE_CODE = YES;
				CLANG_WARN__DUPLICATE_METHOD_MATCH = YES;
				"CODE_SIGN_IDENTITY[sdk=iphoneos*]" = "iPhone Developer";
				COPY_PHASE_STRIP = NO;
				DEBUG_INFORMATION_FORMAT = dwarf;
				ENABLE_STRICT_OBJC_MSGSEND = YES;
				ENABLE_TESTABILITY = YES;
				GCC_C_LANGUAGE_STANDARD = gnu99;
				GCC_DYNAMIC_NO_PIC = NO;
				GCC_NO_COMMON_BLOCKS = YES;
				GCC_OPTIMIZATION_LEVEL = 0;
				GCC_PREPROCESSOR_DEFINITIONS = (
					"DEBUG=1",
					"$(inherited)",
				);
				GCC_WARN_64_TO_32_BIT_CONVERSION = YES;
				GCC_WARN_ABOUT_RETURN_TYPE = YES_ERROR;
				GCC_WARN_UNDECLARED_SELECTOR = YES;
				GCC_WARN_UNINITIALIZED_AUTOS = YES_AGGRESSIVE;
				GCC_WARN_UNUSED_FUNCTION = YES;
				GCC_WARN_UNUSED_VARIABLE = YES;
				IPHONEOS_DEPLOYMENT_TARGET = 9.0;
				MTL_ENABLE_DEBUG_INFO = YES;
				ONLY_ACTIVE_ARCH = YES;
				SDKROOT = iphoneos;
				SWIFT_OPTIMIZATION_LEVEL = "-Onone";
				TARGETED_DEVICE_FAMILY = "1,2";
			};
			name = Debug;
		};
		FA4B09981BD83E200014B289 /* Release */ = {
			isa = XCBuildConfiguration;
			buildSettings = {
				ALWAYS_SEARCH_USER_PATHS = NO;
				CLANG_CXX_LANGUAGE_STANDARD = "gnu++0x";
				CLANG_CXX_LIBRARY = "libc++";
				CLANG_ENABLE_MODULES = YES;
				CLANG_ENABLE_OBJC_ARC = YES;
				CLANG_WARN_BOOL_CONVERSION = YES;
				CLANG_WARN_CONSTANT_CONVERSION = YES;
				CLANG_WARN_DIRECT_OBJC_ISA_USAGE = YES_ERROR;
				CLANG_WARN_EMPTY_BODY = YES;
				CLANG_WARN_ENUM_CONVERSION = YES;
				CLANG_WARN_INT_CONVERSION = YES;
				CLANG_WARN_OBJC_ROOT_CLASS = YES_ERROR;
				CLANG_WARN_UNREACHABLE_CODE = YES;
				CLANG_WARN__DUPLICATE_METHOD_MATCH = YES;
				"CODE_SIGN_IDENTITY[sdk=iphoneos*]" = "iPhone Developer";
				COPY_PHASE_STRIP = NO;
				DEBUG_INFORMATION_FORMAT = "dwarf-with-dsym";
				ENABLE_NS_ASSERTIONS = NO;
				ENABLE_STRICT_OBJC_MSGSEND = YES;
				GCC_C_LANGUAGE_STANDARD = gnu99;
				GCC_NO_COMMON_BLOCKS = YES;
				GCC_WARN_64_TO_32_BIT_CONVERSION = YES;
				GCC_WARN_ABOUT_RETURN_TYPE = YES_ERROR;
				GCC_WARN_UNDECLARED_SELECTOR = YES;
				GCC_WARN_UNINITIALIZED_AUTOS = YES_AGGRESSIVE;
				GCC_WARN_UNUSED_FUNCTION = YES;
				GCC_WARN_UNUSED_VARIABLE = YES;
				IPHONEOS_DEPLOYMENT_TARGET = 9.0;
				MTL_ENABLE_DEBUG_INFO = NO;
				SDKROOT = iphoneos;
				TARGETED_DEVICE_FAMILY = "1,2";
				VALIDATE_PRODUCT = YES;
			};
			name = Release;
		};
		FA4B099A1BD83E200014B289 /* Debug */ = {
			isa = XCBuildConfiguration;
			buildSettings = {
				ASSETCATALOG_COMPILER_APPICON_NAME = AppIcon;
				INFOPLIST_FILE = ImageMapper/Info.plist;
				IPHONEOS_DEPLOYMENT_TARGET = 8.0;
				LD_RUNPATH_SEARCH_PATHS = "$(inherited) @executable_path/Frameworks";
				PRODUCT_BUNDLE_IDENTIFIER = com.mobilechallenge.ImageMapper;
				PRODUCT_NAME = "$(TARGET_NAME)";
			};
			name = Debug;
		};
		FA4B099B1BD83E200014B289 /* Release */ = {
			isa = XCBuildConfiguration;
			buildSettings = {
				ASSETCATALOG_COMPILER_APPICON_NAME = AppIcon;
				INFOPLIST_FILE = ImageMapper/Info.plist;
				IPHONEOS_DEPLOYMENT_TARGET = 8.0;
				LD_RUNPATH_SEARCH_PATHS = "$(inherited) @executable_path/Frameworks";
				PRODUCT_BUNDLE_IDENTIFIER = com.mobilechallenge.ImageMapper;
				PRODUCT_NAME = "$(TARGET_NAME)";
			};
			name = Release;
		};
/* End XCBuildConfiguration section */

/* Begin XCConfigurationList section */
		FA4B09671BD83E200014B289 /* Build configuration list for PBXProject "ImageMapper" */ = {
			isa = XCConfigurationList;
			buildConfigurations = (
				FA4B09971BD83E200014B289 /* Debug */,
				FA4B09981BD83E200014B289 /* Release */,
			);
			defaultConfigurationIsVisible = 0;
			defaultConfigurationName = Release;
		};
		FA4B09991BD83E200014B289 /* Build configuration list for PBXNativeTarget "ImageMapper" */ = {
			isa = XCConfigurationList;
			buildConfigurations = (
				FA4B099A1BD83E200014B289 /* Debug */,
				FA4B099B1BD83E200014B289 /* Release */,
			);
			defaultConfigurationIsVisible = 0;
			defaultConfigurationName = Release;
		};
/* End XCConfigurationList section */

/* Begin XCVersionGroup section */
		FA4B09711BD83E200014B289 /* ImageMapper.xcdatamodeld */ = {
			isa = XCVersionGroup;
			children = (
				FA4B09721BD83E200014B289 /* ImageMapper.xcdatamodel */,
			);
			currentVersion = FA4B09721BD83E200014B289 /* ImageMapper.xcdatamodel */;
			path = ImageMapper.xcdatamodeld;
			sourceTree = "<group>";
			versionGroupType = wrapper.xcdatamodel;
		};
/* End XCVersionGroup section */
	};
	rootObject = FA4B09641BD83E200014B289 /* Project object */;
}
